
Microsoft Visual Studio Solution File, Format Version 12.00
# Visual Studio Version 17
VisualStudioVersion = 17.3.32825.248
MinimumVisualStudioVersion = 10.0.40219.1
Project("{FAE04EC0-301F-11D3-BF4B-00C04F79EFBC}") = "Sample Event Source Plugin Windows", "Windows\Sample Event Source Plugin Windows.csproj", "{2E9721D9-A5BA-401D-A7C3-5B5F7BAFBFF9}"
EndProject
Project("{2150E333-8FDC-42A3-9474-1A3956D46DE8}") = "Projektmappenelemente", "Projektmappenelemente", "{299BBCC3-DD4F-47D3-9CE4-5EEE38BFECD1}"
	ProjectSection(SolutionItems) = preProject
		Icon.png = Icon.png
		Manifest.xml = Manifest.xml
	EndProjectSection
EndProject
Project("{FAE04EC0-301F-11D3-BF4B-00C04F79EFBC}") = "Sample Event Source Plugin Android", "Android\Sample Event Source Plugin Android.csproj", "{13C7E1BA-9B73-478F-B0E5-8D982A43035F}"
EndProject
Global
	GlobalSection(SolutionConfigurationPlatforms) = preSolution
		Debug|Any CPU = Debug|Any CPU
		Release|Any CPU = Release|Any CPU
	EndGlobalSection
	GlobalSection(ProjectConfigurationPlatforms) = postSolution
		{2E9721D9-A5BA-401D-A7C3-5B5F7BAFBFF9}.Debug|Any CPU.ActiveCfg = Debug|Any CPU
		{2E9721D9-A5BA-401D-A7C3-5B5F7BAFBFF9}.Debug|Any CPU.Build.0 = Debug|Any CPU
		{2E9721D9-A5BA-401D-A7C3-5B5F7BAFBFF9}.Release|Any CPU.ActiveCfg = Release|Any CPU
		{2E9721D9-A5BA-401D-A7C3-5B5F7BAFBFF9}.Release|Any CPU.Build.0 = Release|Any CPU
		{13C7E1BA-9B73-478F-B0E5-8D982A43035F}.Debug|Any CPU.ActiveCfg = Debug|Any CPU
		{13C7E1BA-9B73-478F-B0E5-8D982A43035F}.Debug|Any CPU.Build.0 = Debug|Any CPU
		{13C7E1BA-9B73-478F-B0E5-8D982A43035F}.Release|Any CPU.ActiveCfg = Release|Any CPU
		{13C7E1BA-9B73-478F-B0E5-8D982A43035F}.Release|Any CPU.Build.0 = Release|Any CPU
	EndGlobalSection
	GlobalSection(SolutionProperties) = preSolution
		HideSolutionNode = FALSE
	EndGlobalSection
	GlobalSection(ExtensibilityGlobals) = postSolution
		SolutionGuid = {2299A85B-0629-435E-89D0-CC236CD09DB6}
	EndGlobalSection
EndGlobal
